
Microsoft Visual Studio Solution File, Format Version 10.00
# Visual Studio 2008
Project("{FAE04EC0-301F-11D3-BF4B-00C04F79EFBC}") = "PacketDotNet", "PacketDotNet\PacketDotNet.csproj", "{55ABBA4C-AAF9-4726-A592-0C92436CEC92}"
EndProject
Project("{FAE04EC0-301F-11D3-BF4B-00C04F79EFBC}") = "Test", "Test\Test.csproj", "{D1FEC3AA-A58B-4E14-AC50-5008E97D1BBC}"
EndProject
Project("{2150E333-8FDC-42A3-9474-1A3956D46DE8}") = "Examples", "Examples", "{E51AE6D2-86DD-425B-A4DF-E56A3AA6B651}"
EndProject
Project("{FAE04EC0-301F-11D3-BF4B-00C04F79EFBC}") = "ConstructingPackets", "Examples\ConstructingPackets\ConstructingPackets.csproj", "{7CA1E07C-DB49-40B6-820A-5A8F1370127B}"
EndProject
Project("{FAE04EC0-301F-11D3-BF4B-00C04F79EFBC}") = "CapturingAndParsingPackets", "Examples\CapturingAndParsingPackets\CapturingAndParsingPackets.csproj", "{6AF85EE0-52EB-47D2-B753-4676F286DFF5}"
EndProject
Global
	GlobalSection(SolutionConfigurationPlatforms) = preSolution
		Debug|Any CPU = Debug|Any CPU
		Release|Any CPU = Release|Any CPU
	EndGlobalSection
	GlobalSection(ProjectConfigurationPlatforms) = postSolution
		{55ABBA4C-AAF9-4726-A592-0C92436CEC92}.Debug|Any CPU.ActiveCfg = Debug|Any CPU
		{55ABBA4C-AAF9-4726-A592-0C92436CEC92}.Debug|Any CPU.Build.0 = Debug|Any CPU
		{55ABBA4C-AAF9-4726-A592-0C92436CEC92}.Release|Any CPU.ActiveCfg = Release|Any CPU
		{55ABBA4C-AAF9-4726-A592-0C92436CEC92}.Release|Any CPU.Build.0 = Release|Any CPU
		{6AF85EE0-52EB-47D2-B753-4676F286DFF5}.Debug|Any CPU.ActiveCfg = Debug|Any CPU
		{6AF85EE0-52EB-47D2-B753-4676F286DFF5}.Debug|Any CPU.Build.0 = Debug|Any CPU
		{6AF85EE0-52EB-47D2-B753-4676F286DFF5}.Release|Any CPU.ActiveCfg = Release|Any CPU
		{6AF85EE0-52EB-47D2-B753-4676F286DFF5}.Release|Any CPU.Build.0 = Release|Any CPU
		{7CA1E07C-DB49-40B6-820A-5A8F1370127B}.Debug|Any CPU.ActiveCfg = Debug|Any CPU
		{7CA1E07C-DB49-40B6-820A-5A8F1370127B}.Debug|Any CPU.Build.0 = Debug|Any CPU
		{7CA1E07C-DB49-40B6-820A-5A8F1370127B}.Release|Any CPU.ActiveCfg = Release|Any CPU
		{7CA1E07C-DB49-40B6-820A-5A8F1370127B}.Release|Any CPU.Build.0 = Release|Any CPU
		{D1FEC3AA-A58B-4E14-AC50-5008E97D1BBC}.Debug|Any CPU.ActiveCfg = Debug|Any CPU
		{D1FEC3AA-A58B-4E14-AC50-5008E97D1BBC}.Debug|Any CPU.Build.0 = Debug|Any CPU
		{D1FEC3AA-A58B-4E14-AC50-5008E97D1BBC}.Release|Any CPU.ActiveCfg = Release|Any CPU
		{D1FEC3AA-A58B-4E14-AC50-5008E97D1BBC}.Release|Any CPU.Build.0 = Release|Any CPU
	EndGlobalSection
	GlobalSection(NestedProjects) = preSolution
		{7CA1E07C-DB49-40B6-820A-5A8F1370127B} = {E51AE6D2-86DD-425B-A4DF-E56A3AA6B651}
		{6AF85EE0-52EB-47D2-B753-4676F286DFF5} = {E51AE6D2-86DD-425B-A4DF-E56A3AA6B651}
	EndGlobalSection
	GlobalSection(MonoDevelopProperties) = preSolution
		StartupItem = PacketDotNet\PacketDotNet.csproj
		Policies = $0
		$0.DotNetNamingPolicy = $1
		$1.DirectoryNamespaceAssociation = None
		$1.ResourceNamePolicy = FileFormatDefault
		$0.TextStylePolicy = $2
		$2.FileWidth = 120
		$2.inheritsSet = VisualStudio
		$2.inheritsScope = text/plain
		$2.scope = text/plain
	EndGlobalSection
EndGlobal
